// !$*UTF8*$!
{
	archiveVersion = 1;
	classes = {
	};
	objectVersion = 56;
	objects = {

/* Begin PBXBuildFile section */
		43BDCEBC3E1C68363D9FA9D5 /* Pods_Memorial.framework in Frameworks */ = {isa = PBXBuildFile; fileRef = EC50AB596455CEFBCA8F1B11 /* Pods_Memorial.framework */; };
		A33A5535294A2E9A00090F5A /* GameData.xcdatamodeld in Resources */ = {isa = PBXBuildFile; fileRef = A3EF4795294A2D1E003B24CE /* GameData.xcdatamodeld */; };
		A33A5539294A354200090F5A /* GameDataManager.swift in Sources */ = {isa = PBXBuildFile; fileRef = A33A5538294A354200090F5A /* GameDataManager.swift */; };
		A33A553B294A38ED00090F5A /* RoundModel.swift in Sources */ = {isa = PBXBuildFile; fileRef = A33A553A294A38ED00090F5A /* RoundModel.swift */; };
		A33D370C294793D300A77AB1 /* AppDelegate.swift in Sources */ = {isa = PBXBuildFile; fileRef = A33D370B294793D300A77AB1 /* AppDelegate.swift */; };
		A33D370E294793D300A77AB1 /* SceneDelegate.swift in Sources */ = {isa = PBXBuildFile; fileRef = A33D370D294793D300A77AB1 /* SceneDelegate.swift */; };
		A33D3715294793D500A77AB1 /* Assets.xcassets in Resources */ = {isa = PBXBuildFile; fileRef = A33D3714294793D500A77AB1 /* Assets.xcassets */; };
		A33D3718294793D500A77AB1 /* LaunchScreen.storyboard in Resources */ = {isa = PBXBuildFile; fileRef = A33D3716294793D500A77AB1 /* LaunchScreen.storyboard */; };
		A3CFE1D62947A7E800749CD5 /* HomeViewController.swift in Sources */ = {isa = PBXBuildFile; fileRef = A3CFE1D32947A7E800749CD5 /* HomeViewController.swift */; };
		A3CFE1D72947A7E800749CD5 /* HomeView.swift in Sources */ = {isa = PBXBuildFile; fileRef = A3CFE1D42947A7E800749CD5 /* HomeView.swift */; };
		A3CFE1D82947A7E800749CD5 /* HomeViewModel.swift in Sources */ = {isa = PBXBuildFile; fileRef = A3CFE1D52947A7E800749CD5 /* HomeViewModel.swift */; };
		A3CFE1DD2947B38F00749CD5 /* GameViewController.swift in Sources */ = {isa = PBXBuildFile; fileRef = A3CFE1DA2947B38F00749CD5 /* GameViewController.swift */; };
		A3CFE1DE2947B38F00749CD5 /* GameView.swift in Sources */ = {isa = PBXBuildFile; fileRef = A3CFE1DB2947B38F00749CD5 /* GameView.swift */; };
		A3CFE1DF2947B38F00749CD5 /* GameViewModel.swift in Sources */ = {isa = PBXBuildFile; fileRef = A3CFE1DC2947B38F00749CD5 /* GameViewModel.swift */; };
		A3CFE1E22947B5EA00749CD5 /* ButtonCell.swift in Sources */ = {isa = PBXBuildFile; fileRef = A3CFE1E12947B5EA00749CD5 /* ButtonCell.swift */; };
		A3CFE1E52948973E00749CD5 /* UserRecord.swift in Sources */ = {isa = PBXBuildFile; fileRef = A3CFE1E42948973E00749CD5 /* UserRecord.swift */; };
		A3CFE1E72948AB6400749CD5 /* CellConfiguration.swift in Sources */ = {isa = PBXBuildFile; fileRef = A3CFE1E62948AB6400749CD5 /* CellConfiguration.swift */; };
		A3EF476C29490A6A003B24CE /* UIImage.swift in Sources */ = {isa = PBXBuildFile; fileRef = A3EF476B29490A6A003B24CE /* UIImage.swift */; };
		A3EF477A29491F36003B24CE /* ConfigurationViewController.swift in Sources */ = {isa = PBXBuildFile; fileRef = A3EF477629491F36003B24CE /* ConfigurationViewController.swift */; };
		A3EF477B29491F36003B24CE /* ConfigurationView.swift in Sources */ = {isa = PBXBuildFile; fileRef = A3EF477729491F36003B24CE /* ConfigurationView.swift */; };
		A3EF477C29491F36003B24CE /* ConfigurationViewModel.swift in Sources */ = {isa = PBXBuildFile; fileRef = A3EF477829491F36003B24CE /* ConfigurationViewModel.swift */; };
		A3EF4792294A2CC6003B24CE /* TableCell.swift in Sources */ = {isa = PBXBuildFile; fileRef = A3EF4790294A2CC6003B24CE /* TableCell.swift */; };
		A3EF4793294A2CC6003B24CE /* TableRow.swift in Sources */ = {isa = PBXBuildFile; fileRef = A3EF4791294A2CC6003B24CE /* TableRow.swift */; };
		A3EF479A294A2D50003B24CE /* Round+CoreDataClass.swift in Sources */ = {isa = PBXBuildFile; fileRef = A3EF4798294A2D50003B24CE /* Round+CoreDataClass.swift */; };
		A3EF479B294A2D50003B24CE /* Round+CoreDataProperties.swift in Sources */ = {isa = PBXBuildFile; fileRef = A3EF4799294A2D50003B24CE /* Round+CoreDataProperties.swift */; };
/* End PBXBuildFile section */

/* Begin PBXFileReference section */
		372EBFD04DDCFCC2E54691BC /* Pods-Memorial.debug.xcconfig */ = {isa = PBXFileReference; includeInIndex = 1; lastKnownFileType = text.xcconfig; name = "Pods-Memorial.debug.xcconfig"; path = "Target Support Files/Pods-Memorial/Pods-Memorial.debug.xcconfig"; sourceTree = "<group>"; };
		63D1084187481917169CE9AF /* Pods-Memorial.release.xcconfig */ = {isa = PBXFileReference; includeInIndex = 1; lastKnownFileType = text.xcconfig; name = "Pods-Memorial.release.xcconfig"; path = "Target Support Files/Pods-Memorial/Pods-Memorial.release.xcconfig"; sourceTree = "<group>"; };
		A33A5538294A354200090F5A /* GameDataManager.swift */ = {isa = PBXFileReference; lastKnownFileType = sourcecode.swift; path = GameDataManager.swift; sourceTree = "<group>"; };
		A33A553A294A38ED00090F5A /* RoundModel.swift */ = {isa = PBXFileReference; lastKnownFileType = sourcecode.swift; path = RoundModel.swift; sourceTree = "<group>"; };
		A33D3708294793D300A77AB1 /* Memorial.app */ = {isa = PBXFileReference; explicitFileType = wrapper.application; includeInIndex = 0; path = Memorial.app; sourceTree = BUILT_PRODUCTS_DIR; };
		A33D370B294793D300A77AB1 /* AppDelegate.swift */ = {isa = PBXFileReference; lastKnownFileType = sourcecode.swift; path = AppDelegate.swift; sourceTree = "<group>"; };
		A33D370D294793D300A77AB1 /* SceneDelegate.swift */ = {isa = PBXFileReference; lastKnownFileType = sourcecode.swift; path = SceneDelegate.swift; sourceTree = "<group>"; };
		A33D3714294793D500A77AB1 /* Assets.xcassets */ = {isa = PBXFileReference; lastKnownFileType = folder.assetcatalog; path = Assets.xcassets; sourceTree = "<group>"; };
		A33D3717294793D500A77AB1 /* Base */ = {isa = PBXFileReference; lastKnownFileType = file.storyboard; name = Base; path = Base.lproj/LaunchScreen.storyboard; sourceTree = "<group>"; };
		A33D3719294793D500A77AB1 /* Info.plist */ = {isa = PBXFileReference; lastKnownFileType = text.plist.xml; path = Info.plist; sourceTree = "<group>"; };
		A3CFE1D32947A7E800749CD5 /* HomeViewController.swift */ = {isa = PBXFileReference; lastKnownFileType = sourcecode.swift; path = HomeViewController.swift; sourceTree = "<group>"; };
		A3CFE1D42947A7E800749CD5 /* HomeView.swift */ = {isa = PBXFileReference; lastKnownFileType = sourcecode.swift; path = HomeView.swift; sourceTree = "<group>"; };
		A3CFE1D52947A7E800749CD5 /* HomeViewModel.swift */ = {isa = PBXFileReference; lastKnownFileType = sourcecode.swift; path = HomeViewModel.swift; sourceTree = "<group>"; };
		A3CFE1DA2947B38F00749CD5 /* GameViewController.swift */ = {isa = PBXFileReference; lastKnownFileType = sourcecode.swift; path = GameViewController.swift; sourceTree = "<group>"; };
		A3CFE1DB2947B38F00749CD5 /* GameView.swift */ = {isa = PBXFileReference; lastKnownFileType = sourcecode.swift; path = GameView.swift; sourceTree = "<group>"; };
		A3CFE1DC2947B38F00749CD5 /* GameViewModel.swift */ = {isa = PBXFileReference; lastKnownFileType = sourcecode.swift; path = GameViewModel.swift; sourceTree = "<group>"; };
		A3CFE1E12947B5EA00749CD5 /* ButtonCell.swift */ = {isa = PBXFileReference; lastKnownFileType = sourcecode.swift; path = ButtonCell.swift; sourceTree = "<group>"; };
		A3CFE1E42948973E00749CD5 /* UserRecord.swift */ = {isa = PBXFileReference; lastKnownFileType = sourcecode.swift; path = UserRecord.swift; sourceTree = "<group>"; };
		A3CFE1E62948AB6400749CD5 /* CellConfiguration.swift */ = {isa = PBXFileReference; lastKnownFileType = sourcecode.swift; path = CellConfiguration.swift; sourceTree = "<group>"; };
		A3EF476B29490A6A003B24CE /* UIImage.swift */ = {isa = PBXFileReference; lastKnownFileType = sourcecode.swift; path = UIImage.swift; sourceTree = "<group>"; };
		A3EF477629491F36003B24CE /* ConfigurationViewController.swift */ = {isa = PBXFileReference; lastKnownFileType = sourcecode.swift; path = ConfigurationViewController.swift; sourceTree = "<group>"; };
		A3EF477729491F36003B24CE /* ConfigurationView.swift */ = {isa = PBXFileReference; lastKnownFileType = sourcecode.swift; path = ConfigurationView.swift; sourceTree = "<group>"; };
		A3EF477829491F36003B24CE /* ConfigurationViewModel.swift */ = {isa = PBXFileReference; lastKnownFileType = sourcecode.swift; path = ConfigurationViewModel.swift; sourceTree = "<group>"; };
		A3EF4790294A2CC6003B24CE /* TableCell.swift */ = {isa = PBXFileReference; fileEncoding = 4; lastKnownFileType = sourcecode.swift; path = TableCell.swift; sourceTree = "<group>"; };
		A3EF4791294A2CC6003B24CE /* TableRow.swift */ = {isa = PBXFileReference; fileEncoding = 4; lastKnownFileType = sourcecode.swift; path = TableRow.swift; sourceTree = "<group>"; };
		A3EF4796294A2D1E003B24CE /* GameData.xcdatamodel */ = {isa = PBXFileReference; lastKnownFileType = wrapper.xcdatamodel; path = GameData.xcdatamodel; sourceTree = "<group>"; };
		A3EF4798294A2D50003B24CE /* Round+CoreDataClass.swift */ = {isa = PBXFileReference; lastKnownFileType = sourcecode.swift; path = "Round+CoreDataClass.swift"; sourceTree = SOURCE_ROOT; };
		A3EF4799294A2D50003B24CE /* Round+CoreDataProperties.swift */ = {isa = PBXFileReference; lastKnownFileType = sourcecode.swift; path = "Round+CoreDataProperties.swift"; sourceTree = SOURCE_ROOT; };
		EC50AB596455CEFBCA8F1B11 /* Pods_Memorial.framework */ = {isa = PBXFileReference; explicitFileType = wrapper.framework; includeInIndex = 0; path = Pods_Memorial.framework; sourceTree = BUILT_PRODUCTS_DIR; };
/* End PBXFileReference section */

/* Begin PBXFrameworksBuildPhase section */
		A33D3705294793D300A77AB1 /* Frameworks */ = {
			isa = PBXFrameworksBuildPhase;
			buildActionMask = 2147483647;
			files = (
				43BDCEBC3E1C68363D9FA9D5 /* Pods_Memorial.framework in Frameworks */,
			);
			runOnlyForDeploymentPostprocessing = 0;
		};
/* End PBXFrameworksBuildPhase section */

/* Begin PBXGroup section */
		7B55A882F2B90D802AD8318E /* Pods */ = {
			isa = PBXGroup;
			children = (
				372EBFD04DDCFCC2E54691BC /* Pods-Memorial.debug.xcconfig */,
				63D1084187481917169CE9AF /* Pods-Memorial.release.xcconfig */,
			);
			path = Pods;
			sourceTree = "<group>";
		};
		A33D36FF294793D300A77AB1 = {
			isa = PBXGroup;
			children = (
				A33D370A294793D300A77AB1 /* Memorial */,
				A33D3709294793D300A77AB1 /* Products */,
				7B55A882F2B90D802AD8318E /* Pods */,
				AA6446D86F5190873A7D3FA3 /* Frameworks */,
			);
			sourceTree = "<group>";
		};
		A33D3709294793D300A77AB1 /* Products */ = {
			isa = PBXGroup;
			children = (
				A33D3708294793D300A77AB1 /* Memorial.app */,
			);
			name = Products;
			sourceTree = "<group>";
		};
		A33D370A294793D300A77AB1 /* Memorial */ = {
			isa = PBXGroup;
			children = (
				A33D371F294793DB00A77AB1 /* AppDelegate */,
				A3CFE1E02947B5D300749CD5 /* Components */,
				A3EF476829490804003B24CE /* Extensions */,
				A3CFE1E32948972D00749CD5 /* Model */,
				A33D37222947940400A77AB1 /* Screens */,
				A3EF4794294A2CE9003B24CE /* Data */,
				A33D37232947940F00A77AB1 /* Resources */,
				A33D3719294793D500A77AB1 /* Info.plist */,
			);
			path = Memorial;
			sourceTree = "<group>";
		};
		A33D371F294793DB00A77AB1 /* AppDelegate */ = {
			isa = PBXGroup;
			children = (
				A33D370B294793D300A77AB1 /* AppDelegate.swift */,
				A33D370D294793D300A77AB1 /* SceneDelegate.swift */,
			);
			path = AppDelegate;
			sourceTree = "<group>";
		};
		A33D37222947940400A77AB1 /* Screens */ = {
			isa = PBXGroup;
			children = (
				A3CFE1D92947B38200749CD5 /* Game */,
				A33D3726294795DF00A77AB1 /* Home */,
			);
			path = Screens;
			sourceTree = "<group>";
		};
		A33D37232947940F00A77AB1 /* Resources */ = {
			isa = PBXGroup;
			children = (
				A33D3714294793D500A77AB1 /* Assets.xcassets */,
				A33D3716294793D500A77AB1 /* LaunchScreen.storyboard */,
			);
			path = Resources;
			sourceTree = "<group>";
		};
		A33D3726294795DF00A77AB1 /* Home */ = {
			isa = PBXGroup;
			children = (
				A3EF476D29491E9F003B24CE /* Configuration */,
				A3CFE1D32947A7E800749CD5 /* HomeViewController.swift */,
				A3CFE1D42947A7E800749CD5 /* HomeView.swift */,
				A3CFE1D52947A7E800749CD5 /* HomeViewModel.swift */,
			);
			path = Home;
			sourceTree = "<group>";
		};
		A3CFE1D92947B38200749CD5 /* Game */ = {
			isa = PBXGroup;
			children = (
				A3CFE1DA2947B38F00749CD5 /* GameViewController.swift */,
				A3CFE1DB2947B38F00749CD5 /* GameView.swift */,
				A3CFE1DC2947B38F00749CD5 /* GameViewModel.swift */,
			);
			path = Game;
			sourceTree = "<group>";
		};
		A3CFE1E02947B5D300749CD5 /* Components */ = {
			isa = PBXGroup;
			children = (
				A3EF4790294A2CC6003B24CE /* TableCell.swift */,
				A3EF4791294A2CC6003B24CE /* TableRow.swift */,
				A3CFE1E12947B5EA00749CD5 /* ButtonCell.swift */,
			);
			path = Components;
			sourceTree = "<group>";
		};
		A3CFE1E32948972D00749CD5 /* Model */ = {
			isa = PBXGroup;
			children = (
				A3CFE1E42948973E00749CD5 /* UserRecord.swift */,
				A3CFE1E62948AB6400749CD5 /* CellConfiguration.swift */,
				A33A553A294A38ED00090F5A /* RoundModel.swift */,
			);
			path = Model;
			sourceTree = "<group>";
		};
		A3EF476829490804003B24CE /* Extensions */ = {
			isa = PBXGroup;
			children = (
				A3EF476B29490A6A003B24CE /* UIImage.swift */,
			);
			path = Extensions;
			sourceTree = "<group>";
		};
		A3EF476D29491E9F003B24CE /* Configuration */ = {
			isa = PBXGroup;
			children = (
				A3EF477629491F36003B24CE /* ConfigurationViewController.swift */,
				A3EF477729491F36003B24CE /* ConfigurationView.swift */,
				A3EF477829491F36003B24CE /* ConfigurationViewModel.swift */,
			);
			path = Configuration;
			sourceTree = "<group>";
		};
		A3EF4794294A2CE9003B24CE /* Data */ = {
			isa = PBXGroup;
			children = (
				A3EF4798294A2D50003B24CE /* Round+CoreDataClass.swift */,
				A3EF4799294A2D50003B24CE /* Round+CoreDataProperties.swift */,
				A3EF4795294A2D1E003B24CE /* GameData.xcdatamodeld */,
				A33A5538294A354200090F5A /* GameDataManager.swift */,
			);
			path = Data;
			sourceTree = "<group>";
		};
		AA6446D86F5190873A7D3FA3 /* Frameworks */ = {
			isa = PBXGroup;
			children = (
				EC50AB596455CEFBCA8F1B11 /* Pods_Memorial.framework */,
			);
			name = Frameworks;
			sourceTree = "<group>";
		};
/* End PBXGroup section */

/* Begin PBXNativeTarget section */
		A33D3707294793D300A77AB1 /* Memorial */ = {
			isa = PBXNativeTarget;
			buildConfigurationList = A33D371C294793D500A77AB1 /* Build configuration list for PBXNativeTarget "Memorial" */;
			buildPhases = (
				17669EB23DAAD9B1112A73E7 /* [CP] Check Pods Manifest.lock */,
				A33D3704294793D300A77AB1 /* Sources */,
				A33D3705294793D300A77AB1 /* Frameworks */,
				A33D3706294793D300A77AB1 /* Resources */,
				64BFCA4461E2F6DFA7C381B5 /* [CP] Embed Pods Frameworks */,
			);
			buildRules = (
			);
			dependencies = (
			);
			name = Memorial;
			productName = Memorial;
			productReference = A33D3708294793D300A77AB1 /* Memorial.app */;
			productType = "com.apple.product-type.application";
		};
/* End PBXNativeTarget section */

/* Begin PBXProject section */
		A33D3700294793D300A77AB1 /* Project object */ = {
			isa = PBXProject;
			attributes = {
				BuildIndependentTargetsInParallel = 1;
				LastSwiftUpdateCheck = 1400;
				LastUpgradeCheck = 1400;
				TargetAttributes = {
					A33D3707294793D300A77AB1 = {
						CreatedOnToolsVersion = 14.0;
					};
				};
			};
			buildConfigurationList = A33D3703294793D300A77AB1 /* Build configuration list for PBXProject "Memorial" */;
			compatibilityVersion = "Xcode 14.0";
			developmentRegion = en;
			hasScannedForEncodings = 0;
			knownRegions = (
				en,
				Base,
			);
			mainGroup = A33D36FF294793D300A77AB1;
			productRefGroup = A33D3709294793D300A77AB1 /* Products */;
			projectDirPath = "";
			projectRoot = "";
			targets = (
				A33D3707294793D300A77AB1 /* Memorial */,
			);
		};
/* End PBXProject section */

/* Begin PBXResourcesBuildPhase section */
		A33D3706294793D300A77AB1 /* Resources */ = {
			isa = PBXResourcesBuildPhase;
			buildActionMask = 2147483647;
			files = (
				A33A5535294A2E9A00090F5A /* GameData.xcdatamodeld in Resources */,
				A33D3718294793D500A77AB1 /* LaunchScreen.storyboard in Resources */,
				A33D3715294793D500A77AB1 /* Assets.xcassets in Resources */,
			);
			runOnlyForDeploymentPostprocessing = 0;
		};
/* End PBXResourcesBuildPhase section */

/* Begin PBXShellScriptBuildPhase section */
		17669EB23DAAD9B1112A73E7 /* [CP] Check Pods Manifest.lock */ = {
			isa = PBXShellScriptBuildPhase;
			buildActionMask = 2147483647;
			files = (
			);
			inputFileListPaths = (
			);
			inputPaths = (
				"${PODS_PODFILE_DIR_PATH}/Podfile.lock",
				"${PODS_ROOT}/Manifest.lock",
			);
			name = "[CP] Check Pods Manifest.lock";
			outputFileListPaths = (
			);
			outputPaths = (
				"$(DERIVED_FILE_DIR)/Pods-Memorial-checkManifestLockResult.txt",
			);
			runOnlyForDeploymentPostprocessing = 0;
			shellPath = /bin/sh;
			shellScript = "diff \"${PODS_PODFILE_DIR_PATH}/Podfile.lock\" \"${PODS_ROOT}/Manifest.lock\" > /dev/null\nif [ $? != 0 ] ; then\n    # print error to STDERR\n    echo \"error: The sandbox is not in sync with the Podfile.lock. Run 'pod install' or update your CocoaPods installation.\" >&2\n    exit 1\nfi\n# This output is used by Xcode 'outputs' to avoid re-running this script phase.\necho \"SUCCESS\" > \"${SCRIPT_OUTPUT_FILE_0}\"\n";
			showEnvVarsInLog = 0;
		};
		64BFCA4461E2F6DFA7C381B5 /* [CP] Embed Pods Frameworks */ = {
			isa = PBXShellScriptBuildPhase;
			buildActionMask = 2147483647;
			files = (
			);
			inputFileListPaths = (
				"${PODS_ROOT}/Target Support Files/Pods-Memorial/Pods-Memorial-frameworks-${CONFIGURATION}-input-files.xcfilelist",
			);
			name = "[CP] Embed Pods Frameworks";
			outputFileListPaths = (
				"${PODS_ROOT}/Target Support Files/Pods-Memorial/Pods-Memorial-frameworks-${CONFIGURATION}-output-files.xcfilelist",
			);
			runOnlyForDeploymentPostprocessing = 0;
			shellPath = /bin/sh;
			shellScript = "\"${PODS_ROOT}/Target Support Files/Pods-Memorial/Pods-Memorial-frameworks.sh\"\n";
			showEnvVarsInLog = 0;
		};
/* End PBXShellScriptBuildPhase section */

/* Begin PBXSourcesBuildPhase section */
		A33D3704294793D300A77AB1 /* Sources */ = {
			isa = PBXSourcesBuildPhase;
			buildActionMask = 2147483647;
			files = (
				A3EF479B294A2D50003B24CE /* Round+CoreDataProperties.swift in Sources */,
				A33A553B294A38ED00090F5A /* RoundModel.swift in Sources */,
				A33D370C294793D300A77AB1 /* AppDelegate.swift in Sources */,
				A3EF477B29491F36003B24CE /* ConfigurationView.swift in Sources */,
				A33A5539294A354200090F5A /* GameDataManager.swift in Sources */,
				A3EF4792294A2CC6003B24CE /* TableCell.swift in Sources */,
				A3CFE1E72948AB6400749CD5 /* CellConfiguration.swift in Sources */,
				A3CFE1D72947A7E800749CD5 /* HomeView.swift in Sources */,
				A33D370E294793D300A77AB1 /* SceneDelegate.swift in Sources */,
				A3EF477A29491F36003B24CE /* ConfigurationViewController.swift in Sources */,
				A3CFE1D82947A7E800749CD5 /* HomeViewModel.swift in Sources */,
				A3CFE1DF2947B38F00749CD5 /* GameViewModel.swift in Sources */,
				A3EF4793294A2CC6003B24CE /* TableRow.swift in Sources */,
				A3CFE1DD2947B38F00749CD5 /* GameViewController.swift in Sources */,
				A3EF479A294A2D50003B24CE /* Round+CoreDataClass.swift in Sources */,
				A3CFE1D62947A7E800749CD5 /* HomeViewController.swift in Sources */,
				A3CFE1E22947B5EA00749CD5 /* ButtonCell.swift in Sources */,
				A3EF476C29490A6A003B24CE /* UIImage.swift in Sources */,
				A3CFE1DE2947B38F00749CD5 /* GameView.swift in Sources */,
				A3EF477C29491F36003B24CE /* ConfigurationViewModel.swift in Sources */,
				A3CFE1E52948973E00749CD5 /* UserRecord.swift in Sources */,
			);
			runOnlyForDeploymentPostprocessing = 0;
		};
/* End PBXSourcesBuildPhase section */

/* Begin PBXVariantGroup section */
		A33D3716294793D500A77AB1 /* LaunchScreen.storyboard */ = {
			isa = PBXVariantGroup;
			children = (
				A33D3717294793D500A77AB1 /* Base */,
			);
			name = LaunchScreen.storyboard;
			sourceTree = "<group>";
		};
/* End PBXVariantGroup section */

/* Begin XCBuildConfiguration section */
		A33D371A294793D500A77AB1 /* Debug */ = {
			isa = XCBuildConfiguration;
			buildSettings = {
				ALWAYS_SEARCH_USER_PATHS = NO;
				CLANG_ANALYZER_NONNULL = YES;
				CLANG_ANALYZER_NUMBER_OBJECT_CONVERSION = YES_AGGRESSIVE;
				CLANG_CXX_LANGUAGE_STANDARD = "gnu++20";
				CLANG_ENABLE_MODULES = YES;
				CLANG_ENABLE_OBJC_ARC = YES;
				CLANG_ENABLE_OBJC_WEAK = YES;
				CLANG_WARN_BLOCK_CAPTURE_AUTORELEASING = YES;
				CLANG_WARN_BOOL_CONVERSION = YES;
				CLANG_WARN_COMMA = YES;
				CLANG_WARN_CONSTANT_CONVERSION = YES;
				CLANG_WARN_DEPRECATED_OBJC_IMPLEMENTATIONS = YES;
				CLANG_WARN_DIRECT_OBJC_ISA_USAGE = YES_ERROR;
				CLANG_WARN_DOCUMENTATION_COMMENTS = YES;
				CLANG_WARN_EMPTY_BODY = YES;
				CLANG_WARN_ENUM_CONVERSION = YES;
				CLANG_WARN_INFINITE_RECURSION = YES;
				CLANG_WARN_INT_CONVERSION = YES;
				CLANG_WARN_NON_LITERAL_NULL_CONVERSION = YES;
				CLANG_WARN_OBJC_IMPLICIT_RETAIN_SELF = YES;
				CLANG_WARN_OBJC_LITERAL_CONVERSION = YES;
				CLANG_WARN_OBJC_ROOT_CLASS = YES_ERROR;
				CLANG_WARN_QUOTED_INCLUDE_IN_FRAMEWORK_HEADER = YES;
				CLANG_WARN_RANGE_LOOP_ANALYSIS = YES;
				CLANG_WARN_STRICT_PROTOTYPES = YES;
				CLANG_WARN_SUSPICIOUS_MOVE = YES;
				CLANG_WARN_UNGUARDED_AVAILABILITY = YES_AGGRESSIVE;
				CLANG_WARN_UNREACHABLE_CODE = YES;
				CLANG_WARN__DUPLICATE_METHOD_MATCH = YES;
				COPY_PHASE_STRIP = NO;
				DEBUG_INFORMATION_FORMAT = dwarf;
				ENABLE_STRICT_OBJC_MSGSEND = YES;
				ENABLE_TESTABILITY = YES;
				GCC_C_LANGUAGE_STANDARD = gnu11;
				GCC_DYNAMIC_NO_PIC = NO;
				GCC_NO_COMMON_BLOCKS = YES;
				GCC_OPTIMIZATION_LEVEL = 0;
				GCC_PREPROCESSOR_DEFINITIONS = (
					"DEBUG=1",
					"$(inherited)",
				);
				GCC_WARN_64_TO_32_BIT_CONVERSION = YES;
				GCC_WARN_ABOUT_RETURN_TYPE = YES_ERROR;
				GCC_WARN_UNDECLARED_SELECTOR = YES;
				GCC_WARN_UNINITIALIZED_AUTOS = YES_AGGRESSIVE;
				GCC_WARN_UNUSED_FUNCTION = YES;
				GCC_WARN_UNUSED_VARIABLE = YES;
				IPHONEOS_DEPLOYMENT_TARGET = 16.0;
				MTL_ENABLE_DEBUG_INFO = INCLUDE_SOURCE;
				MTL_FAST_MATH = YES;
				ONLY_ACTIVE_ARCH = YES;
				SDKROOT = iphoneos;
				SWIFT_ACTIVE_COMPILATION_CONDITIONS = DEBUG;
				SWIFT_OPTIMIZATION_LEVEL = "-Onone";
			};
			name = Debug;
		};
		A33D371B294793D500A77AB1 /* Release */ = {
			isa = XCBuildConfiguration;
			buildSettings = {
				ALWAYS_SEARCH_USER_PATHS = NO;
				CLANG_ANALYZER_NONNULL = YES;
				CLANG_ANALYZER_NUMBER_OBJECT_CONVERSION = YES_AGGRESSIVE;
				CLANG_CXX_LANGUAGE_STANDARD = "gnu++20";
				CLANG_ENABLE_MODULES = YES;
				CLANG_ENABLE_OBJC_ARC = YES;
				CLANG_ENABLE_OBJC_WEAK = YES;
				CLANG_WARN_BLOCK_CAPTURE_AUTORELEASING = YES;
				CLANG_WARN_BOOL_CONVERSION = YES;
				CLANG_WARN_COMMA = YES;
				CLANG_WARN_CONSTANT_CONVERSION = YES;
				CLANG_WARN_DEPRECATED_OBJC_IMPLEMENTATIONS = YES;
				CLANG_WARN_DIRECT_OBJC_ISA_USAGE = YES_ERROR;
				CLANG_WARN_DOCUMENTATION_COMMENTS = YES;
				CLANG_WARN_EMPTY_BODY = YES;
				CLANG_WARN_ENUM_CONVERSION = YES;
				CLANG_WARN_INFINITE_RECURSION = YES;
				CLANG_WARN_INT_CONVERSION = YES;
				CLANG_WARN_NON_LITERAL_NULL_CONVERSION = YES;
				CLANG_WARN_OBJC_IMPLICIT_RETAIN_SELF = YES;
				CLANG_WARN_OBJC_LITERAL_CONVERSION = YES;
				CLANG_WARN_OBJC_ROOT_CLASS = YES_ERROR;
				CLANG_WARN_QUOTED_INCLUDE_IN_FRAMEWORK_HEADER = YES;
				CLANG_WARN_RANGE_LOOP_ANALYSIS = YES;
				CLANG_WARN_STRICT_PROTOTYPES = YES;
				CLANG_WARN_SUSPICIOUS_MOVE = YES;
				CLANG_WARN_UNGUARDED_AVAILABILITY = YES_AGGRESSIVE;
				CLANG_WARN_UNREACHABLE_CODE = YES;
				CLANG_WARN__DUPLICATE_METHOD_MATCH = YES;
				COPY_PHASE_STRIP = NO;
				DEBUG_INFORMATION_FORMAT = "dwarf-with-dsym";
				ENABLE_NS_ASSERTIONS = NO;
				ENABLE_STRICT_OBJC_MSGSEND = YES;
				GCC_C_LANGUAGE_STANDARD = gnu11;
				GCC_NO_COMMON_BLOCKS = YES;
				GCC_WARN_64_TO_32_BIT_CONVERSION = YES;
				GCC_WARN_ABOUT_RETURN_TYPE = YES_ERROR;
				GCC_WARN_UNDECLARED_SELECTOR = YES;
				GCC_WARN_UNINITIALIZED_AUTOS = YES_AGGRESSIVE;
				GCC_WARN_UNUSED_FUNCTION = YES;
				GCC_WARN_UNUSED_VARIABLE = YES;
				IPHONEOS_DEPLOYMENT_TARGET = 16.0;
				MTL_ENABLE_DEBUG_INFO = NO;
				MTL_FAST_MATH = YES;
				SDKROOT = iphoneos;
				SWIFT_COMPILATION_MODE = wholemodule;
				SWIFT_OPTIMIZATION_LEVEL = "-O";
				VALIDATE_PRODUCT = YES;
			};
			name = Release;
		};
		A33D371D294793D500A77AB1 /* Debug */ = {
			isa = XCBuildConfiguration;
			baseConfigurationReference = 372EBFD04DDCFCC2E54691BC /* Pods-Memorial.debug.xcconfig */;
			buildSettings = {
				ASSETCATALOG_COMPILER_APPICON_NAME = AppIcon;
				ASSETCATALOG_COMPILER_GLOBAL_ACCENT_COLOR_NAME = AccentColor;
				CODE_SIGN_STYLE = Automatic;
				CURRENT_PROJECT_VERSION = 1;
				DEVELOPMENT_TEAM = GM2YUUZ32A;
				GENERATE_INFOPLIST_FILE = YES;
				INFOPLIST_FILE = Memorial/Info.plist;
				INFOPLIST_KEY_UIApplicationSupportsIndirectInputEvents = YES;
				INFOPLIST_KEY_UILaunchStoryboardName = LaunchScreen;
				INFOPLIST_KEY_UISupportedInterfaceOrientations_iPad = "UIInterfaceOrientationPortrait UIInterfaceOrientationPortraitUpsideDown UIInterfaceOrientationLandscapeLeft UIInterfaceOrientationLandscapeRight";
				INFOPLIST_KEY_UISupportedInterfaceOrientations_iPhone = "UIInterfaceOrientationPortrait UIInterfaceOrientationLandscapeLeft UIInterfaceOrientationLandscapeRight";
				LD_RUNPATH_SEARCH_PATHS = (
					"$(inherited)",
					"@executable_path/Frameworks",
				);
				MARKETING_VERSION = 1.0;
				PRODUCT_BUNDLE_IDENTIFIER = br.com.simim.Memorial;
				PRODUCT_NAME = "$(TARGET_NAME)";
				SWIFT_EMIT_LOC_STRINGS = YES;
				SWIFT_VERSION = 5.0;
				TARGETED_DEVICE_FAMILY = "1,2";
			};
			name = Debug;
		};
		A33D371E294793D500A77AB1 /* Release */ = {
			isa = XCBuildConfiguration;
			baseConfigurationReference = 63D1084187481917169CE9AF /* Pods-Memorial.release.xcconfig */;
			buildSettings = {
				ASSETCATALOG_COMPILER_APPICON_NAME = AppIcon;
				ASSETCATALOG_COMPILER_GLOBAL_ACCENT_COLOR_NAME = AccentColor;
				CODE_SIGN_STYLE = Automatic;
				CURRENT_PROJECT_VERSION = 1;
				DEVELOPMENT_TEAM = GM2YUUZ32A;
				GENERATE_INFOPLIST_FILE = YES;
				INFOPLIST_FILE = Memorial/Info.plist;
				INFOPLIST_KEY_UIApplicationSupportsIndirectInputEvents = YES;
				INFOPLIST_KEY_UILaunchStoryboardName = LaunchScreen;
				INFOPLIST_KEY_UISupportedInterfaceOrientations_iPad = "UIInterfaceOrientationPortrait UIInterfaceOrientationPortraitUpsideDown UIInterfaceOrientationLandscapeLeft UIInterfaceOrientationLandscapeRight";
				INFOPLIST_KEY_UISupportedInterfaceOrientations_iPhone = "UIInterfaceOrientationPortrait UIInterfaceOrientationLandscapeLeft UIInterfaceOrientationLandscapeRight";
				LD_RUNPATH_SEARCH_PATHS = (
					"$(inherited)",
					"@executable_path/Frameworks",
				);
				MARKETING_VERSION = 1.0;
				PRODUCT_BUNDLE_IDENTIFIER = br.com.simim.Memorial;
				PRODUCT_NAME = "$(TARGET_NAME)";
				SWIFT_EMIT_LOC_STRINGS = YES;
				SWIFT_VERSION = 5.0;
				TARGETED_DEVICE_FAMILY = "1,2";
			};
			name = Release;
		};
/* End XCBuildConfiguration section */

/* Begin XCConfigurationList section */
		A33D3703294793D300A77AB1 /* Build configuration list for PBXProject "Memorial" */ = {
			isa = XCConfigurationList;
			buildConfigurations = (
				A33D371A294793D500A77AB1 /* Debug */,
				A33D371B294793D500A77AB1 /* Release */,
			);
			defaultConfigurationIsVisible = 0;
			defaultConfigurationName = Release;
		};
		A33D371C294793D500A77AB1 /* Build configuration list for PBXNativeTarget "Memorial" */ = {
			isa = XCConfigurationList;
			buildConfigurations = (
				A33D371D294793D500A77AB1 /* Debug */,
				A33D371E294793D500A77AB1 /* Release */,
			);
			defaultConfigurationIsVisible = 0;
			defaultConfigurationName = Release;
		};
/* End XCConfigurationList section */

/* Begin XCVersionGroup section */
		A3EF4795294A2D1E003B24CE /* GameData.xcdatamodeld */ = {
			isa = XCVersionGroup;
			children = (
				A3EF4796294A2D1E003B24CE /* GameData.xcdatamodel */,
			);
			currentVersion = A3EF4796294A2D1E003B24CE /* GameData.xcdatamodel */;
			path = GameData.xcdatamodeld;
			sourceTree = "<group>";
			versionGroupType = wrapper.xcdatamodel;
		};
/* End XCVersionGroup section */
	};
	rootObject = A33D3700294793D300A77AB1 /* Project object */;
}
